
Microsoft Visual Studio Solution File, Format Version 12.00
# Visual Studio Version 17
VisualStudioVersion = 17.2.32516.85
MinimumVisualStudioVersion = 10.0.40219.1
Project("{9A19103F-16F7-4668-BE54-9A1E7A4F7556}") = "DevTask3.2", "DevTask3\DevTask3.2.csproj", "{547BA8CB-C0A1-451E-B6E5-07EDFCD2F7F5}"
EndProject
Project("{FAE04EC0-301F-11D3-BF4B-00C04F79EFBC}") = "DevTask3.1", "DevTask3.1\DevTask3.1.csproj", "{3FE18F99-AA5B-4686-B0B2-819DB03E94F5}"
EndProject
Global
	GlobalSection(SolutionConfigurationPlatforms) = preSolution
		Debug|Any CPU = Debug|Any CPU
		Release|Any CPU = Release|Any CPU
	EndGlobalSection
	GlobalSection(ProjectConfigurationPlatforms) = postSolution
		{547BA8CB-C0A1-451E-B6E5-07EDFCD2F7F5}.Debug|Any CPU.ActiveCfg = Debug|Any CPU
		{547BA8CB-C0A1-451E-B6E5-07EDFCD2F7F5}.Debug|Any CPU.Build.0 = Debug|Any CPU
		{547BA8CB-C0A1-451E-B6E5-07EDFCD2F7F5}.Release|Any CPU.ActiveCfg = Release|Any CPU
		{547BA8CB-C0A1-451E-B6E5-07EDFCD2F7F5}.Release|Any CPU.Build.0 = Release|Any CPU
		{3FE18F99-AA5B-4686-B0B2-819DB03E94F5}.Debug|Any CPU.ActiveCfg = Debug|Any CPU
		{3FE18F99-AA5B-4686-B0B2-819DB03E94F5}.Debug|Any CPU.Build.0 = Debug|Any CPU
		{3FE18F99-AA5B-4686-B0B2-819DB03E94F5}.Release|Any CPU.ActiveCfg = Release|Any CPU
		{3FE18F99-AA5B-4686-B0B2-819DB03E94F5}.Release|Any CPU.Build.0 = Release|Any CPU
	EndGlobalSection
	GlobalSection(SolutionProperties) = preSolution
		HideSolutionNode = FALSE
	EndGlobalSection
	GlobalSection(ExtensibilityGlobals) = postSolution
		SolutionGuid = {87B4EDDE-CA47-442D-A091-76A1B883F36B}
	EndGlobalSection
EndGlobal
